{
    "doctrine/annotations": {
        "version": "1.0",
        "recipe": {
            "repo": "github.com/symfony/recipes",
            "branch": "master",
            "version": "1.0",
            "ref": "a2759dd6123694c8d901d0ec80006e044c2e6457"
        },
        "files": [
            "./config/routes/annotations.yaml"
        ]
    },
    "doctrine/collections": {
        "version": "1.6.4"
    },
    "doctrine/common": {
        "version": "2.12.0"
    },
    "doctrine/doctrine-bundle": {
        "version": "2.0",
        "recipe": {
            "repo": "github.com/symfony/recipes",
            "branch": "master",
            "version": "2.0",
            "ref": "a9f2463b9f73efe74482f831f03a204a41328555"
        },
        "files": [
            "./config/packages/doctrine.yaml",
            "./config/packages/prod/doctrine.yaml",
            "./src/Entity/.gitignore",
            "./src/Repository/.gitignore"
        ]
    },
    "doctrine/doctrine-migrations-bundle": {
        "version": "1.2",
        "recipe": {
            "repo": "github.com/symfony/recipes",
            "branch": "master",
            "version": "1.2",
            "ref": "c1431086fec31f17fbcfe6d6d7e92059458facc1"
        },
        "files": [
            "./config/packages/doctrine_migrations.yaml",
            "./src/Migrations/.gitignore"
        ]
    },
    "doctrine/instantiator": {
        "version": "1.3.0"
    },
    "doctrine/lexer": {
        "version": "1.2.0"
    },
    "doctrine/migrations": {
        "version": "2.2.1"
    },
    "doctrine/orm": {
        "version": "v2.7.1"
    },
    "doctrine/persistence": {
        "version": "1.3.6"
    },
    "doctrine/reflection": {
        "version": "v1.1.0"
    },
    "jdorn/sql-formatter": {
        "version": "v1.2.17"
    },
    "ocramius/package-versions": {
        "version": "1.4.2"
    },
    "ocramius/proxy-manager": {
        "version": "2.2.3"
    },
    "php": {
        "version": "7.2.5"
    },
    "symfony/doctrine-bridge": {
        "version": "v5.0.5"
    },
    "symfony/orm-pack": {
        "version": "v1.0.8"
    },
    "zendframework/zend-code": {
        "version": "3.4.1"
    },
    "zendframework/zend-eventmanager": {
        "version": "3.2.1"
    }
}
